{
    "_meta": {
        "hash": {
            "sha256": "701c0319d605a5418d9aa35fbaf331b10d4fd1755a3a9bb4f63b428522415cc0"
        },
        "pipfile-spec": 6,
        "requires": {
            "python_version": "3.11"
        },
        "sources": [
            {
                "name": "pypi",
                "url": "https://pypi.org/simple",
                "verify_ssl": true
            }
        ]
    },
    "default": {
        "aniso8601": {
            "hashes": [
                "sha256:1d2b7ef82963909e93c4f24ce48d4de9e66009a21bf1c1e1c85bdd0812fe412f",
                "sha256:72e3117667eedf66951bb2d93f4296a56b94b078a8a95905a052611fb3f1b973"
            ],
            "version": "==9.0.1"
        },
        "blinker": {
            "hashes": [
                "sha256:1779309f71bf239144b9399d06ae925637cf6634cf6bd131104184531bf67c01",
                "sha256:8f77b09d3bf7c795e969e9486f39c2c5e9c39d4ee07424be2bc594ece9642d83"
            ],
            "markers": "python_version >= '3.8'",
            "version": "==1.8.2"
        },
        "certifi": {
            "hashes": [
                "sha256:922820b53db7a7257ffbda3f597266d435245903d80737e34f8a45ff3e3230d8",
                "sha256:bec941d2aa8195e248a60b31ff9f0558284cf01a52591ceda73ea9afffd69fd9"
            ],
            "markers": "python_version >= '3.6'",
            "version": "==2024.8.30"
        },
        "click": {
            "hashes": [
                "sha256:ae74fb96c20a0277a1d615f1e4d73c8414f5a98db8b799a7931d1582f3390c28",
                "sha256:ca9853ad459e787e2192211578cc907e7594e294c7ccc834310722b41b9ca6de"
            ],
            "index": "pypi",
            "markers": "python_version >= '3.7'",
            "version": "==8.1.7"
        },
        "elastic-transport": {
            "hashes": [
                "sha256:9cac4ab5cf9402668cf305ae0b7d93ddc0c7b61461d6d1027850db6da9cc5742",
                "sha256:b5e82ff1679d8c7705a03fd85c7f6ef85d6689721762d41228dd312e34f331fc"
            ],
            "markers": "python_version >= '3.8'",
            "version": "==8.15.1"
        },
        "elasticsearch": {
            "hashes": [
                "sha256:02a0476e98768a30d7926335fc0d305c04fdb928eea1354c6e6040d8c2814569",
                "sha256:40c0d312f8adf8bdc81795bc16a0b546ddf544cb1f90e829a244e4780c4dbfd8"
            ],
            "index": "pypi",
            "markers": "python_version >= '3.8'",
            "version": "==8.15.1"
        },
        "flask": {
            "hashes": [
                "sha256:34e815dfaa43340d1d15a5c3a02b8476004037eb4840b34910c6e21679d288f3",
                "sha256:ceb27b0af3823ea2737928a4d99d125a06175b8512c445cbd9a9ce200ef76842"
            ],
            "index": "pypi",
            "markers": "python_version >= '3.8'",
            "version": "==3.0.3"
        },
        "graphene": {
            "hashes": [
                "sha256:529bf40c2a698954217d3713c6041d69d3f719ad0080857d7ee31327112446b0",
                "sha256:bb3810be33b54cb3e6969506671eb72319e8d7ba0d5ca9c8066472f75bf35a38"
            ],
            "index": "pypi",
            "version": "==3.3"
        },
        "graphql-core": {
            "hashes": [
                "sha256:1604f2042edc5f3114f49cac9d77e25863be51b23a54a61a23245cf32f6476f0",
                "sha256:acbe2e800980d0e39b4685dd058c2f4042660b89ebca38af83020fd872ff1264"
            ],
            "markers": "python_version >= '3.6' and python_version < '4'",
            "version": "==3.2.4"
        },
        "graphql-relay": {
            "hashes": [
                "sha256:1ff1c51298356e481a0be009ccdff249832ce53f30559c1338f22a0e0d17250c",
                "sha256:c9b22bd28b170ba1fe674c74384a8ff30a76c8e26f88ac3aa1584dd3179953e5"
            ],
            "markers": "python_version >= '3.6' and python_version < '4'",
            "version": "==3.2.0"
        },
        "graphql-server": {
            "hashes": [
                "sha256:99adc23fb40c2e5d304215e2730b945f2883ee008c93f302438d849ab1d4e9e7"
            ],
            "index": "pypi",
            "version": "==3.0.0b7"
        },
        "itsdangerous": {
            "hashes": [
                "sha256:c6242fc49e35958c8b15141343aa660db5fc54d4f13a1db01a3f5891b98700ef",
                "sha256:e0050c0b7da1eea53ffaf149c0cfbb5c6e2e2b69c4bef22c81fa6eb73e5f6173"
            ],
            "markers": "python_version >= '3.8'",
            "version": "==2.2.0"
        },
        "jinja2": {
            "hashes": [
                "sha256:4a3aee7acbbe7303aede8e9648d13b8bf88a429282aa6122a993f0ac800cb369",
                "sha256:bc5dd2abb727a5319567b7a813e6a2e7318c39f4f487cfe6c89c6f9c7d25197d"
            ],
            "markers": "python_version >= '3.7'",
            "version": "==3.1.4"
        },
        "markupsafe": {
            "hashes": [
                "sha256:0778de17cff1acaeccc3ff30cd99a3fd5c50fc58ad3d6c0e0c4c58092b859396",
                "sha256:0f84af7e813784feb4d5e4ff7db633aba6c8ca64a833f61d8e4eade234ef0c38",
                "sha256:17b2aea42a7280db02ac644db1d634ad47dcc96faf38ab304fe26ba2680d359a",
                "sha256:242d6860f1fd9191aef5fae22b51c5c19767f93fb9ead4d21924e0bcb17619d8",
                "sha256:244dbe463d5fb6d7ce161301a03a6fe744dac9072328ba9fc82289238582697b",
                "sha256:26627785a54a947f6d7336ce5963569b5d75614619e75193bdb4e06e21d447ad",
                "sha256:2a4b34a8d14649315c4bc26bbfa352663eb51d146e35eef231dd739d54a5430a",
                "sha256:2ae99f31f47d849758a687102afdd05bd3d3ff7dbab0a8f1587981b58a76152a",
                "sha256:312387403cd40699ab91d50735ea7a507b788091c416dd007eac54434aee51da",
                "sha256:3341c043c37d78cc5ae6e3e305e988532b072329639007fd408a476642a89fd6",
                "sha256:33d1c36b90e570ba7785dacd1faaf091203d9942bc036118fab8110a401eb1a8",
                "sha256:3e683ee4f5d0fa2dde4db77ed8dd8a876686e3fc417655c2ece9a90576905344",
                "sha256:3ffb4a8e7d46ed96ae48805746755fadd0909fea2306f93d5d8233ba23dda12a",
                "sha256:40621d60d0e58aa573b68ac5e2d6b20d44392878e0bfc159012a5787c4e35bc8",
                "sha256:40f1e10d51c92859765522cbd79c5c8989f40f0419614bcdc5015e7b6bf97fc5",
                "sha256:45d42d132cff577c92bfba536aefcfea7e26efb975bd455db4e6602f5c9f45e7",
                "sha256:48488d999ed50ba8d38c581d67e496f955821dc183883550a6fbc7f1aefdc170",
                "sha256:4935dd7883f1d50e2ffecca0aa33dc1946a94c8f3fdafb8df5c330e48f71b132",
                "sha256:4c2d64fdba74ad16138300815cfdc6ab2f4647e23ced81f59e940d7d4a1469d9",
                "sha256:4c8817557d0de9349109acb38b9dd570b03cc5014e8aabf1cbddc6e81005becd",
                "sha256:4ffaaac913c3f7345579db4f33b0020db693f302ca5137f106060316761beea9",
                "sha256:5a4cb365cb49b750bdb60b846b0c0bc49ed62e59a76635095a179d440540c346",
                "sha256:62fada2c942702ef8952754abfc1a9f7658a4d5460fabe95ac7ec2cbe0d02abc",
                "sha256:67c519635a4f64e495c50e3107d9b4075aec33634272b5db1cde839e07367589",
                "sha256:6a54c43d3ec4cf2a39f4387ad044221c66a376e58c0d0e971d47c475ba79c6b5",
                "sha256:7044312a928a66a4c2a22644147bc61a199c1709712069a344a3fb5cfcf16915",
                "sha256:730d86af59e0e43ce277bb83970530dd223bf7f2a838e086b50affa6ec5f9295",
                "sha256:800100d45176652ded796134277ecb13640c1a537cad3b8b53da45aa96330453",
                "sha256:80fcbf3add8790caddfab6764bde258b5d09aefbe9169c183f88a7410f0f6dea",
                "sha256:82b5dba6eb1bcc29cc305a18a3c5365d2af06ee71b123216416f7e20d2a84e5b",
                "sha256:852dc840f6d7c985603e60b5deaae1d89c56cb038b577f6b5b8c808c97580f1d",
                "sha256:8ad4ad1429cd4f315f32ef263c1342166695fad76c100c5d979c45d5570ed58b",
                "sha256:8ae369e84466aa70f3154ee23c1451fda10a8ee1b63923ce76667e3077f2b0c4",
                "sha256:93e8248d650e7e9d49e8251f883eed60ecbc0e8ffd6349e18550925e31bd029b",
                "sha256:973a371a55ce9ed333a3a0f8e0bcfae9e0d637711534bcb11e130af2ab9334e7",
                "sha256:9ba25a71ebf05b9bb0e2ae99f8bc08a07ee8e98c612175087112656ca0f5c8bf",
                "sha256:a10860e00ded1dd0a65b83e717af28845bb7bd16d8ace40fe5531491de76b79f",
                "sha256:a4792d3b3a6dfafefdf8e937f14906a51bd27025a36f4b188728a73382231d91",
                "sha256:a7420ceda262dbb4b8d839a4ec63d61c261e4e77677ed7c66c99f4e7cb5030dd",
                "sha256:ad91738f14eb8da0ff82f2acd0098b6257621410dcbd4df20aaa5b4233d75a50",
                "sha256:b6a387d61fe41cdf7ea95b38e9af11cfb1a63499af2759444b99185c4ab33f5b",
                "sha256:b954093679d5750495725ea6f88409946d69cfb25ea7b4c846eef5044194f583",
                "sha256:bbde71a705f8e9e4c3e9e33db69341d040c827c7afa6789b14c6e16776074f5a",
                "sha256:beeebf760a9c1f4c07ef6a53465e8cfa776ea6a2021eda0d0417ec41043fe984",
                "sha256:c91b394f7601438ff79a4b93d16be92f216adb57d813a78be4446fe0f6bc2d8c",
                "sha256:c97ff7fedf56d86bae92fa0a646ce1a0ec7509a7578e1ed238731ba13aabcd1c",
                "sha256:cb53e2a99df28eee3b5f4fea166020d3ef9116fdc5764bc5117486e6d1211b25",
                "sha256:cbf445eb5628981a80f54087f9acdbf84f9b7d862756110d172993b9a5ae81aa",
                "sha256:d06b24c686a34c86c8c1fba923181eae6b10565e4d80bdd7bc1c8e2f11247aa4",
                "sha256:d98e66a24497637dd31ccab090b34392dddb1f2f811c4b4cd80c230205c074a3",
                "sha256:db15ce28e1e127a0013dfb8ac243a8e392db8c61eae113337536edb28bdc1f97",
                "sha256:db842712984e91707437461930e6011e60b39136c7331e971952bb30465bc1a1",
                "sha256:e24bfe89c6ac4c31792793ad9f861b8f6dc4546ac6dc8f1c9083c7c4f2b335cd",
                "sha256:e81c52638315ff4ac1b533d427f50bc0afc746deb949210bc85f05d4f15fd772",
                "sha256:e9393357f19954248b00bed7c56f29a25c930593a77630c719653d51e7669c2a",
                "sha256:ee3941769bd2522fe39222206f6dd97ae83c442a94c90f2b7a25d847d40f4729",
                "sha256:f31ae06f1328595d762c9a2bf29dafd8621c7d3adc130cbb46278079758779ca",
                "sha256:f94190df587738280d544971500b9cafc9b950d32efcb1fba9ac10d84e6aa4e6",
                "sha256:fa7d686ed9883f3d664d39d5a8e74d3c5f63e603c2e3ff0abcba23eac6542635",
                "sha256:fb532dd9900381d2e8f48172ddc5a59db4c445a11b9fab40b3b786da40d3b56b",
                "sha256:fe32482b37b4b00c7a52a07211b479653b7fe4f22b2e481b9a9b099d8a430f2f"
            ],
            "markers": "python_version >= '3.9'",
            "version": "==3.0.1"
        },
        "numpy": {
            "hashes": [
                "sha256:05b2d4e667895cc55e3ff2b56077e4c8a5604361fc21a042845ea3ad67465aa8",
                "sha256:12edb90831ff481f7ef5f6bc6431a9d74dc0e5ff401559a71e5e4611d4f2d466",
                "sha256:13311c2db4c5f7609b462bc0f43d3c465424d25c626d95040f073e30f7570e35",
                "sha256:13532a088217fa624c99b843eeb54640de23b3414b14aa66d023805eb731066c",
                "sha256:13602b3174432a35b16c4cfb5de9a12d229727c3dd47a6ce35111f2ebdf66ff4",
                "sha256:1600068c262af1ca9580a527d43dc9d959b0b1d8e56f8a05d830eea39b7c8af6",
                "sha256:1b8cde4f11f0a975d1fd59373b32e2f5a562ade7cde4f85b7137f3de8fbb29a0",
                "sha256:1c193d0b0238638e6fc5f10f1b074a6993cb13b0b431f64079a509d63d3aa8b7",
                "sha256:1ebec5fd716c5a5b3d8dfcc439be82a8407b7b24b230d0ad28a81b61c2f4659a",
                "sha256:242b39d00e4944431a3cd2db2f5377e15b5785920421993770cddb89992c3f3a",
                "sha256:259ec80d54999cc34cd1eb8ded513cb053c3bf4829152a2e00de2371bd406f5e",
                "sha256:2abbf905a0b568706391ec6fa15161fad0fb5d8b68d73c461b3c1bab6064dd62",
                "sha256:2cbba4b30bf31ddbe97f1c7205ef976909a93a66bb1583e983adbd155ba72ac2",
                "sha256:2ffef621c14ebb0188a8633348504a35c13680d6da93ab5cb86f4e54b7e922b5",
                "sha256:30d53720b726ec36a7f88dc873f0eec8447fbc93d93a8f079dfac2629598d6ee",
                "sha256:32e16a03138cabe0cb28e1007ee82264296ac0983714094380b408097a418cfe",
                "sha256:43cca367bf94a14aca50b89e9bc2061683116cfe864e56740e083392f533ce7a",
                "sha256:456e3b11cb79ac9946c822a56346ec80275eaf2950314b249b512896c0d2505e",
                "sha256:4d6ec0d4222e8ffdab1744da2560f07856421b367928026fb540e1945f2eeeaf",
                "sha256:5006b13a06e0b38d561fab5ccc37581f23c9511879be7693bd33c7cd15ca227c",
                "sha256:675c741d4739af2dc20cd6c6a5c4b7355c728167845e3c6b0e824e4e5d36a6c3",
                "sha256:6cdb606a7478f9ad91c6283e238544451e3a95f30fb5467fbf715964341a8a86",
                "sha256:6d95f286b8244b3649b477ac066c6906fbb2905f8ac19b170e2175d3d799f4df",
                "sha256:76322dcdb16fccf2ac56f99048af32259dcc488d9b7e25b51e5eca5147a3fb98",
                "sha256:7c1c60328bd964b53f8b835df69ae8198659e2b9302ff9ebb7de4e5a5994db3d",
                "sha256:860ec6e63e2c5c2ee5e9121808145c7bf86c96cca9ad396c0bd3e0f2798ccbe2",
                "sha256:8e00ea6fc82e8a804433d3e9cedaa1051a1422cb6e443011590c14d2dea59146",
                "sha256:9c6c754df29ce6a89ed23afb25550d1c2d5fdb9901d9c67a16e0b16eaf7e2550",
                "sha256:a26ae94658d3ba3781d5e103ac07a876b3e9b29db53f68ed7df432fd033358a8",
                "sha256:a65acfdb9c6ebb8368490dbafe83c03c7e277b37e6857f0caeadbbc56e12f4fb",
                "sha256:a7d80b2e904faa63068ead63107189164ca443b42dd1930299e0d1cb041cec2e",
                "sha256:a84498e0d0a1174f2b3ed769b67b656aa5460c92c9554039e11f20a05650f00d",
                "sha256:ab4754d432e3ac42d33a269c8567413bdb541689b02d93788af4131018cbf366",
                "sha256:ad369ed238b1959dfbade9018a740fb9392c5ac4f9b5173f420bd4f37ba1f7a0",
                "sha256:b1d0fcae4f0949f215d4632be684a539859b295e2d0cb14f78ec231915d644db",
                "sha256:b42a1a511c81cc78cbc4539675713bbcf9d9c3913386243ceff0e9429ca892fe",
                "sha256:bd33f82e95ba7ad632bc57837ee99dba3d7e006536200c4e9124089e1bf42426",
                "sha256:bdd407c40483463898b84490770199d5714dcc9dd9b792f6c6caccc523c00952",
                "sha256:c6eef7a2dbd0abfb0d9eaf78b73017dbfd0b54051102ff4e6a7b2980d5ac1a03",
                "sha256:c82af4b2ddd2ee72d1fc0c6695048d457e00b3582ccde72d8a1c991b808bb20f",
                "sha256:d666cb72687559689e9906197e3bec7b736764df6a2e58ee265e360663e9baf7",
                "sha256:d7bf0a4f9f15b32b5ba53147369e94296f5fffb783db5aacc1be15b4bf72f43b",
                "sha256:d82075752f40c0ddf57e6e02673a17f6cb0f8eb3f587f63ca1eaab5594da5b17",
                "sha256:da65fb46d4cbb75cb417cddf6ba5e7582eb7bb0b47db4b99c9fe5787ce5d91f5",
                "sha256:e2b49c3c0804e8ecb05d59af8386ec2f74877f7ca8fd9c1e00be2672e4d399b1",
                "sha256:e585c8ae871fd38ac50598f4763d73ec5497b0de9a0ab4ef5b69f01c6a046142",
                "sha256:e8d3ca0a72dd8846eb6f7dfe8f19088060fcb76931ed592d29128e0219652884",
                "sha256:ef444c57d664d35cac4e18c298c47d7b504c66b17c2ea91312e979fcfbdfb08a",
                "sha256:f1eb068ead09f4994dec71c24b2844f1e4e4e013b9629f812f292f04bd1510d9",
                "sha256:f2ded8d9b6f68cc26f8425eda5d3877b47343e68ca23d0d0846f4d312ecaa445",
                "sha256:f751ed0a2f250541e19dfca9f1eafa31a392c71c832b6bb9e113b10d050cb0f1",
                "sha256:faa88bc527d0f097abdc2c663cddf37c05a1c2f113716601555249805cf573f1",
                "sha256:fc44e3c68ff00fd991b59092a54350e6e4911152682b4782f68070985aa9e648"
            ],
            "index": "pypi",
            "markers": "python_version >= '3.10'",
            "version": "==2.1.2"
        },
        "pandas": {
            "hashes": [
                "sha256:062309c1b9ea12a50e8ce661145c6aab431b1e99530d3cd60640e255778bd43a",
                "sha256:15c0e1e02e93116177d29ff83e8b1619c93ddc9c49083f237d4312337a61165d",
                "sha256:1948ddde24197a0f7add2bdc4ca83bf2b1ef84a1bc8ccffd95eda17fd836ecb5",
                "sha256:1db71525a1538b30142094edb9adc10be3f3e176748cd7acc2240c2f2e5aa3a4",
                "sha256:22a9d949bfc9a502d320aa04e5d02feab689d61da4e7764b62c30b991c42c5f0",
                "sha256:29401dbfa9ad77319367d36940cd8a0b3a11aba16063e39632d98b0e931ddf32",
                "sha256:31d0ced62d4ea3e231a9f228366919a5ea0b07440d9d4dac345376fd8e1477ea",
                "sha256:3508d914817e153ad359d7e069d752cdd736a247c322d932eb89e6bc84217f28",
                "sha256:37e0aced3e8f539eccf2e099f65cdb9c8aa85109b0be6e93e2baff94264bdc6f",
                "sha256:381175499d3802cde0eabbaf6324cce0c4f5d52ca6f8c377c29ad442f50f6348",
                "sha256:38cf8125c40dae9d5acc10fa66af8ea6fdf760b2714ee482ca691fc66e6fcb18",
                "sha256:3b71f27954685ee685317063bf13c7709a7ba74fc996b84fc6821c59b0f06468",
                "sha256:3fc6873a41186404dad67245896a6e440baacc92f5b716ccd1bc9ed2995ab2c5",
                "sha256:4850ba03528b6dd51d6c5d273c46f183f39a9baf3f0143e566b89450965b105e",
                "sha256:4f18ba62b61d7e192368b84517265a99b4d7ee8912f8708660fb4a366cc82667",
                "sha256:56534ce0746a58afaf7942ba4863e0ef81c9c50d3f0ae93e9497d6a41a057645",
                "sha256:59ef3764d0fe818125a5097d2ae867ca3fa64df032331b7e0917cf5d7bf66b13",
                "sha256:5dbca4c1acd72e8eeef4753eeca07de9b1db4f398669d5994086f788a5d7cc30",
                "sha256:5de54125a92bb4d1c051c0659e6fcb75256bf799a732a87184e5ea503965bce3",
                "sha256:61c5ad4043f791b61dd4752191d9f07f0ae412515d59ba8f005832a532f8736d",
                "sha256:6374c452ff3ec675a8f46fd9ab25c4ad0ba590b71cf0656f8b6daa5202bca3fb",
                "sha256:63cc132e40a2e084cf01adf0775b15ac515ba905d7dcca47e9a251819c575ef3",
                "sha256:66108071e1b935240e74525006034333f98bcdb87ea116de573a6a0dccb6c039",
                "sha256:6dfcb5ee8d4d50c06a51c2fffa6cff6272098ad6540aed1a76d15fb9318194d8",
                "sha256:7c2875855b0ff77b2a64a0365e24455d9990730d6431b9e0ee18ad8acee13dbd",
                "sha256:7eee9e7cea6adf3e3d24e304ac6b8300646e2a5d1cd3a3c2abed9101b0846761",
                "sha256:800250ecdadb6d9c78eae4990da62743b857b470883fa27f652db8bdde7f6659",
                "sha256:86976a1c5b25ae3f8ccae3a5306e443569ee3c3faf444dfd0f41cda24667ad57",
                "sha256:8cd6d7cc958a3910f934ea8dbdf17b2364827bb4dafc38ce6eef6bb3d65ff09c",
                "sha256:99df71520d25fade9db7c1076ac94eb994f4d2673ef2aa2e86ee039b6746d20c",
                "sha256:a5a1595fe639f5988ba6a8e5bc9649af3baf26df3998a0abe56c02609392e0a4",
                "sha256:ad5b65698ab28ed8d7f18790a0dc58005c7629f227be9ecc1072aa74c0c1d43a",
                "sha256:b1d432e8d08679a40e2a6d8b2f9770a5c21793a6f9f47fdd52c5ce1948a5a8a9",
                "sha256:b8661b0238a69d7aafe156b7fa86c44b881387509653fdf857bebc5e4008ad42",
                "sha256:ba96630bc17c875161df3818780af30e43be9b166ce51c9a18c1feae342906c2",
                "sha256:bc6b93f9b966093cb0fd62ff1a7e4c09e6d546ad7c1de191767baffc57628f39",
                "sha256:c124333816c3a9b03fbeef3a9f230ba9a737e9e5bb4060aa2107a86cc0a497fc",
                "sha256:cd8d0c3be0515c12fed0bdbae072551c8b54b7192c7b1fda0ba56059a0179698",
                "sha256:d9c45366def9a3dd85a6454c0e7908f2b3b8e9c138f5dc38fed7ce720d8453ed",
                "sha256:f00d1345d84d8c86a63e476bb4955e46458b304b9575dcf71102b5c705320015",
                "sha256:f3a255b2c19987fbbe62a9dfd6cff7ff2aa9ccab3fc75218fd4b7530f01efa24",
                "sha256:fffb8ae78d8af97f849404f21411c95062db1496aeb3e56f146f0355c9989319"
            ],
            "index": "pypi",
            "markers": "python_version >= '3.9'",
            "version": "==2.2.3"
        },
        "python-dateutil": {
            "hashes": [
                "sha256:37dd54208da7e1cd875388217d5e00ebd4179249f90fb72437e91a35459a0ad3",
                "sha256:a8b2bc7bffae282281c8140a97d3aa9c14da0b136dfe83f850eea9a5f7470427"
            ],
            "markers": "python_version >= '2.7' and python_version not in '3.0, 3.1, 3.2, 3.3'",
            "version": "==2.9.0.post0"
        },
        "pytz": {
            "hashes": [
                "sha256:2aa355083c50a0f93fa581709deac0c9ad65cca8a9e9beac660adcbd493c798a",
                "sha256:31c7c1817eb7fae7ca4b8c7ee50c72f93aa2dd863de768e1ef4245d426aa0725"
            ],
            "version": "==2024.2"
        },
        "six": {
            "hashes": [
                "sha256:1e61c37477a1626458e36f7b1d82aa5c9b094fa4802892072e49de9c60c4c926",
                "sha256:8abb2f1d86890a2dfb989f9a77cfcfd3e47c2a354b01111771326f8aa26e0254"
            ],
            "markers": "python_version >= '2.7' and python_version not in '3.0, 3.1, 3.2, 3.3'",
            "version": "==1.16.0"
        },
        "typing-extensions": {
            "hashes": [
                "sha256:04e5ca0351e0f3f85c6853954072df659d0d13fac324d0072316b67d7794700d",
                "sha256:1a7ead55c7e559dd4dee8856e3a88b41225abfe1ce8df57b7c13915fe121ffb8"
            ],
            "markers": "python_version >= '3.8'",
            "version": "==4.12.2"
        },
        "tzdata": {
            "hashes": [
                "sha256:7d85cc416e9382e69095b7bdf4afd9e3880418a2413feec7069d533d6b4e31cc",
                "sha256:a48093786cdcde33cad18c2555e8532f34422074448fbc874186f0abd79565cd"
            ],
            "markers": "python_version >= '2'",
            "version": "==2024.2"
        },
        "urllib3": {
            "hashes": [
                "sha256:ca899ca043dcb1bafa3e262d73aa25c465bfb49e0bd9dd5d59f1d0acba2f8fac",
                "sha256:e7d814a81dad81e6caf2ec9fdedb284ecc9c73076b62654547cc64ccdcae26e9"
            ],
            "markers": "python_version >= '3.8'",
            "version": "==2.2.3"
        },
        "werkzeug": {
            "hashes": [
                "sha256:02c9eb92b7d6c06f31a782811505d2157837cea66aaede3e217c7c27c039476c",
                "sha256:34f2371506b250df4d4f84bfe7b0921e4762525762bbd936614909fe25cd7306"
            ],
            "markers": "python_version >= '3.8'",
            "version": "==3.0.4"
        }
    },
    "develop": {
        "black": {
            "hashes": [
                "sha256:01ede61aac8c154b55f35301fac3e730baf0c9cf8120f65a9cd61a81cfb4a0c3",
                "sha256:022a582720b0d9480ed82576c920a8c1dde97cc38ff11d8d8859b3bd6ca9eedb",
                "sha256:25cc308838fe71f7065df53aedd20327969d05671bac95b38fdf37ebe70ac087",
                "sha256:27eb7a0c71604d5de083757fbdb245b1a4fae60e9596514c6ec497eb63f95320",
                "sha256:327a8c2550ddc573b51e2c352adb88143464bb9d92c10416feb86b0f5aee5ff6",
                "sha256:47e56d83aad53ca140da0af87678fb38e44fd6bc0af71eebab2d1f59b1acf1d3",
                "sha256:501387a9edcb75d7ae8a4412bb8749900386eaef258f1aefab18adddea1936bc",
                "sha256:552513d5cd5694590d7ef6f46e1767a4df9af168d449ff767b13b084c020e63f",
                "sha256:5c4bc552ab52f6c1c506ccae05681fab58c3f72d59ae6e6639e8885e94fe2587",
                "sha256:642496b675095d423f9b8448243336f8ec71c9d4d57ec17bf795b67f08132a91",
                "sha256:6d1c6022b86f83b632d06f2b02774134def5d4d4f1dac8bef16d90cda18ba28a",
                "sha256:7f3bf2dec7d541b4619b8ce526bda74a6b0bffc480a163fed32eb8b3c9aed8ad",
                "sha256:831d8f54c3a8c8cf55f64d0422ee875eecac26f5f649fb6c1df65316b67c8926",
                "sha256:8417dbd2f57b5701492cd46edcecc4f9208dc75529bcf76c514864e48da867d9",
                "sha256:86cee259349b4448adb4ef9b204bb4467aae74a386bce85d56ba4f5dc0da27be",
                "sha256:893695a76b140881531062d48476ebe4a48f5d1e9388177e175d76234ca247cd",
                "sha256:9fd59d418c60c0348505f2ddf9609c1e1de8e7493eab96198fc89d9f865e7a96",
                "sha256:ad0014efc7acf0bd745792bd0d8857413652979200ab924fbf239062adc12491",
                "sha256:b5b0ee6d96b345a8b420100b7d71ebfdd19fab5e8301aff48ec270042cd40ac2",
                "sha256:c333286dc3ddca6fdff74670b911cccedacb4ef0a60b34e491b8a67c833b343a",
                "sha256:f9062af71c59c004cd519e2fb8f5d25d39e46d3af011b41ab43b9c74e27e236f",
                "sha256:fb074d8b213749fa1d077d630db0d5f8cc3b2ae63587ad4116e8a436e9bbe995"
            ],
            "index": "pypi",
            "markers": "python_version >= '3.8'",
            "version": "==23.7.0"
        },
        "click": {
            "hashes": [
                "sha256:ae74fb96c20a0277a1d615f1e4d73c8414f5a98db8b799a7931d1582f3390c28",
                "sha256:ca9853ad459e787e2192211578cc907e7594e294c7ccc834310722b41b9ca6de"
            ],
            "index": "pypi",
            "markers": "python_version >= '3.7'",
            "version": "==8.1.7"
        },
        "coverage": {
            "hashes": [
                "sha256:06a9a2be0b5b576c3f18f1a241f0473575c4a26021b52b2a85263a00f034d51f",
                "sha256:06fb182e69f33f6cd1d39a6c597294cff3143554b64b9825d1dc69d18cc2fff2",
                "sha256:0a5f9e1dbd7fbe30196578ca36f3fba75376fb99888c395c5880b355e2875f8a",
                "sha256:0e1f928eaf5469c11e886fe0885ad2bf1ec606434e79842a879277895a50942a",
                "sha256:171717c7cb6b453aebac9a2ef603699da237f341b38eebfee9be75d27dc38e01",
                "sha256:1e9d683426464e4a252bf70c3498756055016f99ddaec3774bf368e76bbe02b6",
                "sha256:201e7389591af40950a6480bd9edfa8ed04346ff80002cec1a66cac4549c1ad7",
                "sha256:245167dd26180ab4c91d5e1496a30be4cd721a5cf2abf52974f965f10f11419f",
                "sha256:2aee274c46590717f38ae5e4650988d1af340fe06167546cc32fe2f58ed05b02",
                "sha256:2e07b54284e381531c87f785f613b833569c14ecacdcb85d56b25c4622c16c3c",
                "sha256:31563e97dae5598556600466ad9beea39fb04e0229e61c12eaa206e0aa202063",
                "sha256:33d6d3ea29d5b3a1a632b3c4e4f4ecae24ef170b0b9ee493883f2df10039959a",
                "sha256:3d376df58cc111dc8e21e3b6e24606b5bb5dee6024f46a5abca99124b2229ef5",
                "sha256:419bfd2caae268623dd469eff96d510a920c90928b60f2073d79f8fe2bbc5959",
                "sha256:48c19d2159d433ccc99e729ceae7d5293fbffa0bdb94952d3579983d1c8c9d97",
                "sha256:49969a9f7ffa086d973d91cec8d2e31080436ef0fb4a359cae927e742abfaaa6",
                "sha256:52edc1a60c0d34afa421c9c37078817b2e67a392cab17d97283b64c5833f427f",
                "sha256:537891ae8ce59ef63d0123f7ac9e2ae0fc8b72c7ccbe5296fec45fd68967b6c9",
                "sha256:54b896376ab563bd38453cecb813c295cf347cf5906e8b41d340b0321a5433e5",
                "sha256:58c2ccc2f00ecb51253cbe5d8d7122a34590fac9646a960d1430d5b15321d95f",
                "sha256:5b7540161790b2f28143191f5f8ec02fb132660ff175b7747b95dcb77ac26562",
                "sha256:5baa06420f837184130752b7c5ea0808762083bf3487b5038d68b012e5937dbe",
                "sha256:5e330fc79bd7207e46c7d7fd2bb4af2963f5f635703925543a70b99574b0fea9",
                "sha256:61b9a528fb348373c433e8966535074b802c7a5d7f23c4f421e6c6e2f1697a6f",
                "sha256:63426706118b7f5cf6bb6c895dc215d8a418d5952544042c8a2d9fe87fcf09cb",
                "sha256:6d040ef7c9859bb11dfeb056ff5b3872436e3b5e401817d87a31e1750b9ae2fb",
                "sha256:6f48351d66575f535669306aa7d6d6f71bc43372473b54a832222803eb956fd1",
                "sha256:7ee7d9d4822c8acc74a5e26c50604dff824710bc8de424904c0982e25c39c6cb",
                "sha256:81c13a1fc7468c40f13420732805a4c38a105d89848b7c10af65a90beff25250",
                "sha256:8d13c64ee2d33eccf7437961b6ea7ad8673e2be040b4f7fd4fd4d4d28d9ccb1e",
                "sha256:8de8bb0e5ad103888d65abef8bca41ab93721647590a3f740100cd65c3b00511",
                "sha256:8fa03bce9bfbeeef9f3b160a8bed39a221d82308b4152b27d82d8daa7041fee5",
                "sha256:924d94291ca674905fe9481f12294eb11f2d3d3fd1adb20314ba89e94f44ed59",
                "sha256:975d70ab7e3c80a3fe86001d8751f6778905ec723f5b110aed1e450da9d4b7f2",
                "sha256:976b9c42fb2a43ebf304fa7d4a310e5f16cc99992f33eced91ef6f908bd8f33d",
                "sha256:9e31cb64d7de6b6f09702bb27c02d1904b3aebfca610c12772452c4e6c21a0d3",
                "sha256:a342242fe22407f3c17f4b499276a02b01e80f861f1682ad1d95b04018e0c0d4",
                "sha256:a3d33a6b3eae87ceaefa91ffdc130b5e8536182cd6dfdbfc1aa56b46ff8c86de",
                "sha256:a895fcc7b15c3fc72beb43cdcbdf0ddb7d2ebc959edac9cef390b0d14f39f8a9",
                "sha256:afb17f84d56068a7c29f5fa37bfd38d5aba69e3304af08ee94da8ed5b0865833",
                "sha256:b1c546aca0ca4d028901d825015dc8e4d56aac4b541877690eb76490f1dc8ed0",
                "sha256:b29019c76039dc3c0fd815c41392a044ce555d9bcdd38b0fb60fb4cd8e475ba9",
                "sha256:b46517c02ccd08092f4fa99f24c3b83d8f92f739b4657b0f146246a0ca6a831d",
                "sha256:b7aa5f8a41217360e600da646004f878250a0d6738bcdc11a0a39928d7dc2050",
                "sha256:b7b4c971f05e6ae490fef852c218b0e79d4e52f79ef0c8475566584a8fb3e01d",
                "sha256:ba90a9563ba44a72fda2e85302c3abc71c5589cea608ca16c22b9804262aaeb6",
                "sha256:cb017fd1b2603ef59e374ba2063f593abe0fc45f2ad9abdde5b4d83bd922a353",
                "sha256:d22656368f0e6189e24722214ed8d66b8022db19d182927b9a248a2a8a2f67eb",
                "sha256:d2c2db7fd82e9b72937969bceac4d6ca89660db0a0967614ce2481e81a0b771e",
                "sha256:d39b5b4f2a66ccae8b7263ac3c8170994b65266797fb96cbbfd3fb5b23921db8",
                "sha256:d62a5c7dad11015c66fbb9d881bc4caa5b12f16292f857842d9d1871595f4495",
                "sha256:e7d9405291c6928619403db1d10bd07888888ec1abcbd9748fdaa971d7d661b2",
                "sha256:e84606b74eb7de6ff581a7915e2dab7a28a0517fbe1c9239eb227e1354064dcd",
                "sha256:eb393e5ebc85245347950143969b241d08b52b88a3dc39479822e073a1a8eb27",
                "sha256:ebba1cd308ef115925421d3e6a586e655ca5a77b5bf41e02eb0e4562a111f2d1",
                "sha256:ee57190f24fba796e36bb6d3aa8a8783c643d8fa9760c89f7a98ab5455fbf818",
                "sha256:f2f67fe12b22cd130d34d0ef79206061bfb5eda52feb6ce0dba0644e20a03cf4",
                "sha256:f6951407391b639504e3b3be51b7ba5f3528adbf1a8ac3302b687ecababf929e",
                "sha256:f75f7168ab25dd93110c8a8117a22450c19976afbc44234cbf71481094c1b850",
                "sha256:fdec9e8cbf13a5bf63290fc6013d216a4c7232efb51548594ca3631a7f13c3a3"
            ],
            "index": "pypi",
            "markers": "python_version >= '3.7'",
            "version": "==7.2.7"
        },
        "factory-boy": {
            "hashes": [
                "sha256:a2cdbdb63228177aa4f1c52f4b6d83fab2b8623bf602c7dedd7eb83c0f69c04c",
                "sha256:bc76d97d1a65bbd9842a6d722882098eb549ec8ee1081f9fb2e8ff29f0c300f1"
            ],
            "index": "pypi",
            "markers": "python_version >= '3.7'",
            "version": "==3.3.0"
        },
        "faker": {
            "hashes": [
                "sha256:2e28aaea60456857d4ce95dd12aed767769537ad23d13d51a545cd40a654e9d9",
                "sha256:daad7badb4fd916bd047b28c8459ef4689e4fe6acf61f6dfebee8cc602e4d009"
            ],
            "index": "pypi",
            "markers": "python_version >= '3.6'",
            "version": "==14.2.1"
        },
        "flake8": {
            "hashes": [
                "sha256:6fbe320aad8d6b95cec8b8e47bc933004678dc63095be98528b7bdd2a9f510db",
                "sha256:7a1cf6b73744f5806ab95e526f6f0d8c01c66d7bbe349562d22dfca20610b248"
            ],
            "index": "pypi",
            "markers": "python_full_version >= '3.6.1'",
            "version": "==5.0.4"
        },
        "iniconfig": {
            "hashes": [
                "sha256:2d91e135bf72d31a410b17c16da610a82cb55f6b0477d1a902134b24a455b8b3",
                "sha256:b6a85871a79d2e3b22d2d1b94ac2824226a63c6b741c88f7ae975f18b6778374"
            ],
            "markers": "python_version >= '3.7'",
            "version": "==2.0.0"
        },
        "isort": {
            "hashes": [
                "sha256:8bef7dde241278824a6d83f44a544709b065191b95b6e50894bdc722fcba0504",
                "sha256:f84c2818376e66cf843d497486ea8fed8700b340f308f076c6fb1229dff318b6"
            ],
            "index": "pypi",
            "markers": "python_full_version >= '3.8.0'",
            "version": "==5.12.0"
        },
        "mccabe": {
            "hashes": [
                "sha256:348e0240c33b60bbdf4e523192ef919f28cb2c3d7d5c7794f74009290f236325",
                "sha256:6c2d30ab6be0e4a46919781807b4f0d834ebdd6c6e3dca0bda5a15f863427b6e"
            ],
            "markers": "python_version >= '3.6'",
            "version": "==0.7.0"
        },
        "mypy-extensions": {
            "hashes": [
                "sha256:4392f6c0eb8a5668a69e23d168ffa70f0be9ccfd32b5cc2d26a34ae5b844552d",
                "sha256:75dbf8955dc00442a438fc4d0666508a9a97b6bd41aa2f0ffe9d2f2725af0782"
            ],
            "markers": "python_version >= '3.5'",
            "version": "==1.0.0"
        },
        "packaging": {
            "hashes": [
                "sha256:026ed72c8ed3fcce5bf8950572258698927fd1dbda10a5e981cdf0ac37f4f002",
                "sha256:5b8f2217dbdbd2f7f384c41c628544e6d52f2d0f53c6d0c3ea61aa5d1d7ff124"
            ],
            "markers": "python_version >= '3.8'",
            "version": "==24.1"
        },
        "pathspec": {
            "hashes": [
                "sha256:a0d503e138a4c123b27490a4f7beda6a01c6f288df0e4a8b79c7eb0dc7b4cc08",
                "sha256:a482d51503a1ab33b1c67a6c3813a26953dbdc71c31dacaef9a838c4e29f5712"
            ],
            "markers": "python_version >= '3.8'",
            "version": "==0.12.1"
        },
        "platformdirs": {
            "hashes": [
                "sha256:357fb2acbc885b0419afd3ce3ed34564c13c9b95c89360cd9563f73aa5e2b907",
                "sha256:73e575e1408ab8103900836b97580d5307456908a03e92031bab39e4554cc3fb"
            ],
            "markers": "python_version >= '3.8'",
            "version": "==4.3.6"
        },
        "pluggy": {
            "hashes": [
                "sha256:2cffa88e94fdc978c4c574f15f9e59b7f4201d439195c3715ca9e2486f1d0cf1",
                "sha256:44e1ad92c8ca002de6377e165f3e0f1be63266ab4d554740532335b9d75ea669"
            ],
            "markers": "python_version >= '3.8'",
            "version": "==1.5.0"
        },
        "pycodestyle": {
            "hashes": [
                "sha256:2c9607871d58c76354b697b42f5d57e1ada7d261c261efac224b664affdc5785",
                "sha256:d1735fc58b418fd7c5f658d28d943854f8a849b01a5d0a1e6f3f3fdd0166804b"
            ],
            "markers": "python_version >= '3.6'",
            "version": "==2.9.1"
        },
        "pyflakes": {
            "hashes": [
                "sha256:4579f67d887f804e67edb544428f264b7b24f435b263c4614f384135cea553d2",
                "sha256:491feb020dca48ccc562a8c0cbe8df07ee13078df59813b83959cbdada312ea3"
            ],
            "markers": "python_version >= '3.6'",
            "version": "==2.5.0"
        },
        "pytest": {
            "hashes": [
                "sha256:78bf16451a2eb8c7a2ea98e32dc119fd2aa758f1d5d66dbf0a59d69a3969df32",
                "sha256:b4bf8c45bd59934ed84001ad51e11b4ee40d40a1229d2c79f9c592b0a3f6bd8a"
            ],
            "index": "pypi",
            "markers": "python_version >= '3.7'",
            "version": "==7.4.0"
        },
        "python-dateutil": {
            "hashes": [
                "sha256:37dd54208da7e1cd875388217d5e00ebd4179249f90fb72437e91a35459a0ad3",
                "sha256:a8b2bc7bffae282281c8140a97d3aa9c14da0b136dfe83f850eea9a5f7470427"
            ],
            "markers": "python_version >= '2.7' and python_version not in '3.0, 3.1, 3.2, 3.3'",
            "version": "==2.9.0.post0"
        },
        "six": {
            "hashes": [
                "sha256:1e61c37477a1626458e36f7b1d82aa5c9b094fa4802892072e49de9c60c4c926",
                "sha256:8abb2f1d86890a2dfb989f9a77cfcfd3e47c2a354b01111771326f8aa26e0254"
            ],
            "markers": "python_version >= '2.7' and python_version not in '3.0, 3.1, 3.2, 3.3'",
            "version": "==1.16.0"
        }
    }
}
